
Microsoft Visual Studio Solution File, Format Version 12.00
# Visual Studio Version 17
VisualStudioVersion = 17.0.31903.59
MinimumVisualStudioVersion = 10.0.40219.1
Project("{FAE04EC0-301F-11D3-BF4B-00C04F79EFBC}") = "Shared", "..\SharedLibrary\src\Shared\Shared.csproj", "{1331A77B-0551-4E7E-A1E1-9897EE2D50EC}"
EndProject
Project("{2150E333-8FDC-42A3-9474-1A3956D46DE8}") = "src", "src", "{827E0CD3-B72D-47B6-A68D-7590B98EB39B}"
EndProject
Project("{FAE04EC0-301F-11D3-BF4B-00C04F79EFBC}") = "Smdb.Core", "src\Smdb.Core\Smdb.Core.csproj", "{DF2D3A6B-DCC0-4198-A452-88664AF1D517}"
EndProject
Project("{2150E333-8FDC-42A3-9474-1A3956D46DE8}") = "tests", "tests", "{0AB3BF05-4346-4AA6-1389-037BE0695223}"
EndProject
Project("{FAE04EC0-301F-11D3-BF4B-00C04F79EFBC}") = "Smdb.Core.Test", "tests\Smdb.Core.Test\Smdb.Core.Test.csproj", "{2C3E2C64-AB42-4CAA-948E-8F877EA43E77}"
EndProject
Project("{FAE04EC0-301F-11D3-BF4B-00C04F79EFBC}") = "Smdb.Api", "src\Smdb.Api\Smdb.Api.csproj", "{828CDBDD-9720-46D5-99DC-456E2FF50789}"
EndProject
Project("{FAE04EC0-301F-11D3-BF4B-00C04F79EFBC}") = "Smdb.Api.Test", "tests\Smdb.Api.Test\Smdb.Api.Test.csproj", "{13D687AF-273E-4E22-8AAB-CEC0CDC67DA3}"
EndProject
Project("{FAE04EC0-301F-11D3-BF4B-00C04F79EFBC}") = "Smbd.Csr", "src\Smbd.Csr\Smbd.Csr.csproj", "{7F2BC5A4-D8D2-489C-A6DC-C7459E23201F}"
EndProject
Project("{FAE04EC0-301F-11D3-BF4B-00C04F79EFBC}") = "Smbd.Csr.Test", "tests\Smbd.Csr.Test\Smbd.Csr.Test.csproj", "{8AA5AF3D-04BA-4F16-BB21-53952E3314AE}"
EndProject
Global
	GlobalSection(SolutionConfigurationPlatforms) = preSolution
		Debug|Any CPU = Debug|Any CPU
		Debug|x64 = Debug|x64
		Debug|x86 = Debug|x86
		Release|Any CPU = Release|Any CPU
		Release|x64 = Release|x64
		Release|x86 = Release|x86
	EndGlobalSection
	GlobalSection(ProjectConfigurationPlatforms) = postSolution
		{1331A77B-0551-4E7E-A1E1-9897EE2D50EC}.Debug|Any CPU.ActiveCfg = Debug|Any CPU
		{1331A77B-0551-4E7E-A1E1-9897EE2D50EC}.Debug|Any CPU.Build.0 = Debug|Any CPU
		{1331A77B-0551-4E7E-A1E1-9897EE2D50EC}.Debug|x64.ActiveCfg = Debug|Any CPU
		{1331A77B-0551-4E7E-A1E1-9897EE2D50EC}.Debug|x64.Build.0 = Debug|Any CPU
		{1331A77B-0551-4E7E-A1E1-9897EE2D50EC}.Debug|x86.ActiveCfg = Debug|Any CPU
		{1331A77B-0551-4E7E-A1E1-9897EE2D50EC}.Debug|x86.Build.0 = Debug|Any CPU
		{1331A77B-0551-4E7E-A1E1-9897EE2D50EC}.Release|Any CPU.ActiveCfg = Release|Any CPU
		{1331A77B-0551-4E7E-A1E1-9897EE2D50EC}.Release|Any CPU.Build.0 = Release|Any CPU
		{1331A77B-0551-4E7E-A1E1-9897EE2D50EC}.Release|x64.ActiveCfg = Release|Any CPU
		{1331A77B-0551-4E7E-A1E1-9897EE2D50EC}.Release|x64.Build.0 = Release|Any CPU
		{1331A77B-0551-4E7E-A1E1-9897EE2D50EC}.Release|x86.ActiveCfg = Release|Any CPU
		{1331A77B-0551-4E7E-A1E1-9897EE2D50EC}.Release|x86.Build.0 = Release|Any CPU
		{DF2D3A6B-DCC0-4198-A452-88664AF1D517}.Debug|Any CPU.ActiveCfg = Debug|Any CPU
		{DF2D3A6B-DCC0-4198-A452-88664AF1D517}.Debug|Any CPU.Build.0 = Debug|Any CPU
		{DF2D3A6B-DCC0-4198-A452-88664AF1D517}.Debug|x64.ActiveCfg = Debug|Any CPU
		{DF2D3A6B-DCC0-4198-A452-88664AF1D517}.Debug|x64.Build.0 = Debug|Any CPU
		{DF2D3A6B-DCC0-4198-A452-88664AF1D517}.Debug|x86.ActiveCfg = Debug|Any CPU
		{DF2D3A6B-DCC0-4198-A452-88664AF1D517}.Debug|x86.Build.0 = Debug|Any CPU
		{DF2D3A6B-DCC0-4198-A452-88664AF1D517}.Release|Any CPU.ActiveCfg = Release|Any CPU
		{DF2D3A6B-DCC0-4198-A452-88664AF1D517}.Release|Any CPU.Build.0 = Release|Any CPU
		{DF2D3A6B-DCC0-4198-A452-88664AF1D517}.Release|x64.ActiveCfg = Release|Any CPU
		{DF2D3A6B-DCC0-4198-A452-88664AF1D517}.Release|x64.Build.0 = Release|Any CPU
		{DF2D3A6B-DCC0-4198-A452-88664AF1D517}.Release|x86.ActiveCfg = Release|Any CPU
		{DF2D3A6B-DCC0-4198-A452-88664AF1D517}.Release|x86.Build.0 = Release|Any CPU
		{2C3E2C64-AB42-4CAA-948E-8F877EA43E77}.Debug|Any CPU.ActiveCfg = Debug|Any CPU
		{2C3E2C64-AB42-4CAA-948E-8F877EA43E77}.Debug|Any CPU.Build.0 = Debug|Any CPU
		{2C3E2C64-AB42-4CAA-948E-8F877EA43E77}.Debug|x64.ActiveCfg = Debug|Any CPU
		{2C3E2C64-AB42-4CAA-948E-8F877EA43E77}.Debug|x64.Build.0 = Debug|Any CPU
		{2C3E2C64-AB42-4CAA-948E-8F877EA43E77}.Debug|x86.ActiveCfg = Debug|Any CPU
		{2C3E2C64-AB42-4CAA-948E-8F877EA43E77}.Debug|x86.Build.0 = Debug|Any CPU
		{2C3E2C64-AB42-4CAA-948E-8F877EA43E77}.Release|Any CPU.ActiveCfg = Release|Any CPU
		{2C3E2C64-AB42-4CAA-948E-8F877EA43E77}.Release|Any CPU.Build.0 = Release|Any CPU
		{2C3E2C64-AB42-4CAA-948E-8F877EA43E77}.Release|x64.ActiveCfg = Release|Any CPU
		{2C3E2C64-AB42-4CAA-948E-8F877EA43E77}.Release|x64.Build.0 = Release|Any CPU
		{2C3E2C64-AB42-4CAA-948E-8F877EA43E77}.Release|x86.ActiveCfg = Release|Any CPU
		{2C3E2C64-AB42-4CAA-948E-8F877EA43E77}.Release|x86.Build.0 = Release|Any CPU
		{828CDBDD-9720-46D5-99DC-456E2FF50789}.Debug|Any CPU.ActiveCfg = Debug|Any CPU
		{828CDBDD-9720-46D5-99DC-456E2FF50789}.Debug|Any CPU.Build.0 = Debug|Any CPU
		{828CDBDD-9720-46D5-99DC-456E2FF50789}.Debug|x64.ActiveCfg = Debug|Any CPU
		{828CDBDD-9720-46D5-99DC-456E2FF50789}.Debug|x64.Build.0 = Debug|Any CPU
		{828CDBDD-9720-46D5-99DC-456E2FF50789}.Debug|x86.ActiveCfg = Debug|Any CPU
		{828CDBDD-9720-46D5-99DC-456E2FF50789}.Debug|x86.Build.0 = Debug|Any CPU
		{828CDBDD-9720-46D5-99DC-456E2FF50789}.Release|Any CPU.ActiveCfg = Release|Any CPU
		{828CDBDD-9720-46D5-99DC-456E2FF50789}.Release|Any CPU.Build.0 = Release|Any CPU
		{828CDBDD-9720-46D5-99DC-456E2FF50789}.Release|x64.ActiveCfg = Release|Any CPU
		{828CDBDD-9720-46D5-99DC-456E2FF50789}.Release|x64.Build.0 = Release|Any CPU
		{828CDBDD-9720-46D5-99DC-456E2FF50789}.Release|x86.ActiveCfg = Release|Any CPU
		{828CDBDD-9720-46D5-99DC-456E2FF50789}.Release|x86.Build.0 = Release|Any CPU
		{13D687AF-273E-4E22-8AAB-CEC0CDC67DA3}.Debug|Any CPU.ActiveCfg = Debug|Any CPU
		{13D687AF-273E-4E22-8AAB-CEC0CDC67DA3}.Debug|Any CPU.Build.0 = Debug|Any CPU
		{13D687AF-273E-4E22-8AAB-CEC0CDC67DA3}.Debug|x64.ActiveCfg = Debug|Any CPU
		{13D687AF-273E-4E22-8AAB-CEC0CDC67DA3}.Debug|x64.Build.0 = Debug|Any CPU
		{13D687AF-273E-4E22-8AAB-CEC0CDC67DA3}.Debug|x86.ActiveCfg = Debug|Any CPU
		{13D687AF-273E-4E22-8AAB-CEC0CDC67DA3}.Debug|x86.Build.0 = Debug|Any CPU
		{13D687AF-273E-4E22-8AAB-CEC0CDC67DA3}.Release|Any CPU.ActiveCfg = Release|Any CPU
		{13D687AF-273E-4E22-8AAB-CEC0CDC67DA3}.Release|Any CPU.Build.0 = Release|Any CPU
		{13D687AF-273E-4E22-8AAB-CEC0CDC67DA3}.Release|x64.ActiveCfg = Release|Any CPU
		{13D687AF-273E-4E22-8AAB-CEC0CDC67DA3}.Release|x64.Build.0 = Release|Any CPU
		{13D687AF-273E-4E22-8AAB-CEC0CDC67DA3}.Release|x86.ActiveCfg = Release|Any CPU
		{13D687AF-273E-4E22-8AAB-CEC0CDC67DA3}.Release|x86.Build.0 = Release|Any CPU
		{7F2BC5A4-D8D2-489C-A6DC-C7459E23201F}.Debug|Any CPU.ActiveCfg = Debug|Any CPU
		{7F2BC5A4-D8D2-489C-A6DC-C7459E23201F}.Debug|Any CPU.Build.0 = Debug|Any CPU
		{7F2BC5A4-D8D2-489C-A6DC-C7459E23201F}.Debug|x64.ActiveCfg = Debug|Any CPU
		{7F2BC5A4-D8D2-489C-A6DC-C7459E23201F}.Debug|x64.Build.0 = Debug|Any CPU
		{7F2BC5A4-D8D2-489C-A6DC-C7459E23201F}.Debug|x86.ActiveCfg = Debug|Any CPU
		{7F2BC5A4-D8D2-489C-A6DC-C7459E23201F}.Debug|x86.Build.0 = Debug|Any CPU
		{7F2BC5A4-D8D2-489C-A6DC-C7459E23201F}.Release|Any CPU.ActiveCfg = Release|Any CPU
		{7F2BC5A4-D8D2-489C-A6DC-C7459E23201F}.Release|Any CPU.Build.0 = Release|Any CPU
		{7F2BC5A4-D8D2-489C-A6DC-C7459E23201F}.Release|x64.ActiveCfg = Release|Any CPU
		{7F2BC5A4-D8D2-489C-A6DC-C7459E23201F}.Release|x64.Build.0 = Release|Any CPU
		{7F2BC5A4-D8D2-489C-A6DC-C7459E23201F}.Release|x86.ActiveCfg = Release|Any CPU
		{7F2BC5A4-D8D2-489C-A6DC-C7459E23201F}.Release|x86.Build.0 = Release|Any CPU
		{8AA5AF3D-04BA-4F16-BB21-53952E3314AE}.Debug|Any CPU.ActiveCfg = Debug|Any CPU
		{8AA5AF3D-04BA-4F16-BB21-53952E3314AE}.Debug|Any CPU.Build.0 = Debug|Any CPU
		{8AA5AF3D-04BA-4F16-BB21-53952E3314AE}.Debug|x64.ActiveCfg = Debug|Any CPU
		{8AA5AF3D-04BA-4F16-BB21-53952E3314AE}.Debug|x64.Build.0 = Debug|Any CPU
		{8AA5AF3D-04BA-4F16-BB21-53952E3314AE}.Debug|x86.ActiveCfg = Debug|Any CPU
		{8AA5AF3D-04BA-4F16-BB21-53952E3314AE}.Debug|x86.Build.0 = Debug|Any CPU
		{8AA5AF3D-04BA-4F16-BB21-53952E3314AE}.Release|Any CPU.ActiveCfg = Release|Any CPU
		{8AA5AF3D-04BA-4F16-BB21-53952E3314AE}.Release|Any CPU.Build.0 = Release|Any CPU
		{8AA5AF3D-04BA-4F16-BB21-53952E3314AE}.Release|x64.ActiveCfg = Release|Any CPU
		{8AA5AF3D-04BA-4F16-BB21-53952E3314AE}.Release|x64.Build.0 = Release|Any CPU
		{8AA5AF3D-04BA-4F16-BB21-53952E3314AE}.Release|x86.ActiveCfg = Release|Any CPU
		{8AA5AF3D-04BA-4F16-BB21-53952E3314AE}.Release|x86.Build.0 = Release|Any CPU
	EndGlobalSection
	GlobalSection(SolutionProperties) = preSolution
		HideSolutionNode = FALSE
	EndGlobalSection
	GlobalSection(NestedProjects) = preSolution
		{DF2D3A6B-DCC0-4198-A452-88664AF1D517} = {827E0CD3-B72D-47B6-A68D-7590B98EB39B}
		{2C3E2C64-AB42-4CAA-948E-8F877EA43E77} = {0AB3BF05-4346-4AA6-1389-037BE0695223}
		{828CDBDD-9720-46D5-99DC-456E2FF50789} = {827E0CD3-B72D-47B6-A68D-7590B98EB39B}
		{13D687AF-273E-4E22-8AAB-CEC0CDC67DA3} = {0AB3BF05-4346-4AA6-1389-037BE0695223}
		{7F2BC5A4-D8D2-489C-A6DC-C7459E23201F} = {827E0CD3-B72D-47B6-A68D-7590B98EB39B}
		{8AA5AF3D-04BA-4F16-BB21-53952E3314AE} = {0AB3BF05-4346-4AA6-1389-037BE0695223}
	EndGlobalSection
EndGlobal
